# THIS IS AN AUTOGENERATED FILE. DO NOT EDIT THIS FILE DIRECTLY.
# yarn lockfile v1


"@hawk-ui/button@^4.4.5":
  version "4.4.5"
  resolved "https://registry.yarnpkg.com/@hawk-ui/button/-/button-4.4.5.tgz#8202f5b504fbfe42987f5b2f91d82c989cf8957d"
  integrity sha512-+p1qmu+CYzUI4JpvRTOzkK4puDDQ4ciF8mTROZ+Y4epqWO0okkIE2eWLT3K4d99j85J8hTfN3GpgigfT5W8b4w==
  dependencies:
    classnames "^2.3.2"
    lodash "^4.17.21"
    prop-types "^15.7.2"

"@hawk-ui/checkbox@^4.4.5":
  version "4.4.5"
  resolved "https://registry.yarnpkg.com/@hawk-ui/checkbox/-/checkbox-4.4.5.tgz#b88aa8de700114179ca8a0bafd7d39cf50eca508"
  integrity sha512-xfoHD2CDQxNMU3IOIaPTMFqZkDAosMU2aslNZAYXtqMAOVGRGbTirG38oA24g9j1udPpRMwihd+Hi1elYY4ujQ==
  dependencies:
    "@hawk-ui/input" "^4.4.5"
    "@hawk-ui/label" "^4.4.5"
    classnames "^2.3.2"
    lodash "^4.17.21"
    prop-types "^15.7.2"

"@hawk-ui/dropdown@^4.4.5":
  version "4.4.5"
  resolved "https://registry.yarnpkg.com/@hawk-ui/dropdown/-/dropdown-4.4.5.tgz#c6b617a2134a44b4f1246ae256bb88418d65fedd"
  integrity sha512-auhKqEUysBwsxuQ5Wru94IUYcz12hG/+x1EKflDv6f/wRQ/C/2Is/JeqbjoAXeVrRtx3U3I0snV7P/PONEo2XA==
  dependencies:
    "@hawk-ui/button" "^4.4.5"
    classnames "^2.3.2"
    lodash "^4.17.21"
    prop-types "^15.7.2"

"@hawk-ui/input@^4.4.5":
  version "4.4.5"
  resolved "https://registry.yarnpkg.com/@hawk-ui/input/-/input-4.4.5.tgz#41f61828680b888315bbcba182c3d5ca270a6e94"
  integrity sha512-xgT1Js55Ng3iVbq/LvDjocnGh1ZHtzlj+QLd43zr2d38chFxCYQnuwZ+ZkvNXpRaThOIixYFJVmcVR/TXdTpFw==
  dependencies:
    "@hawk-ui/label" "^4.4.5"
    "@hawk-ui/tooltip" "^4.4.5"
    classnames "^2.3.2"
    lodash "^4.17.21"
    prop-types "^15.7.2"

"@hawk-ui/label@^4.4.5":
  version "4.4.5"
  resolved "https://registry.yarnpkg.com/@hawk-ui/label/-/label-4.4.5.tgz#ef9a211cabac3151515b3f974d152c9fca2753ff"
  integrity sha512-aCIy8H1iFB06WKecbd39yRC/o3jVBvFlyZJT82DdqpMTZvltQI8DrNs3mi9ufeaMCb48pzbb8/unA5r5hSCnzA==
  dependencies:
    classnames "^2.3.2"
    lodash "^4.17.21"
    prop-types "^15.7.2"

"@hawk-ui/loader@^4.4.5":
  version "4.4.5"
  resolved "https://registry.yarnpkg.com/@hawk-ui/loader/-/loader-4.4.5.tgz#71f78ba0cac91b289318d342c1c007e63d9aae52"
  integrity sha512-M4CBL9W2UcciC+eG/+Z9mS/H4j3WrsetolEcpCB2Sesyjid/ifAuTdgKNQP2dBMQIOtKBP0n6nT0UDghqQH4Zg==
  dependencies:
    classnames "^2.3.2"
    lodash "^4.17.21"
    prop-types "^15.7.2"

"@hawk-ui/pagination@^4.4.5":
  version "4.4.5"
  resolved "https://registry.yarnpkg.com/@hawk-ui/pagination/-/pagination-4.4.5.tgz#2a9843587cadbb0b7af75d961ac64dddc6ce6f80"
  integrity sha512-UkXn0zMFs9Sc/USsqKNOgHXwwWHtt1JTO/2bo5gongrKM+58HoYisQGzzLYEj3kB18sTmn3vtC17c5AAJN15nA==
  dependencies:
    classnames "^2.3.2"
    lodash "^4.17.21"
    prop-types "^15.7.2"

"@hawk-ui/select-dropdown@^4.4.5":
  version "4.4.5"
  resolved "https://registry.yarnpkg.com/@hawk-ui/select-dropdown/-/select-dropdown-4.4.5.tgz#a55999e306d4efca4a626ce49bc996270ce6a0cb"
  integrity sha512-xiXVGNydZTCr8pTSd4mOQb6pY0B5wzq2yY1mCsd4tcPJsO+ZTn5fOaKGiCCBsEXrbmmBEtifCUflv1PhvGpRLQ==
  dependencies:
    "@hawk-ui/button" "^4.4.5"
    "@hawk-ui/input" "^4.4.5"
    "@hawk-ui/label" "^4.4.5"
    "@hawk-ui/suggestions" "^4.4.5"
    classnames "^2.3.2"
    lodash "^4.17.21"
    prop-types "^15.7.2"

"@hawk-ui/suggestions@^4.4.5":
  version "4.4.5"
  resolved "https://registry.yarnpkg.com/@hawk-ui/suggestions/-/suggestions-4.4.5.tgz#6e13fefa4b91eacbdd5911f8c038ed215d928275"
  integrity sha512-pKisjxa6vW7ZENA4cvbPTHURlpHyZCHC8o6NxOAKcPDGFQxfhuKKoIMa2ZABbxL0sQkctyYYpg5P/YiHXjRMyA==
  dependencies:
    "@hawk-ui/input" "^4.4.5"
    classnames "^2.3.2"
    lodash "^4.17.21"
    prop-types "^15.7.2"

"@hawk-ui/tooltip@^4.4.5":
  version "4.4.5"
  resolved "https://registry.yarnpkg.com/@hawk-ui/tooltip/-/tooltip-4.4.5.tgz#f3a5deeb0bed33d3c0d3f096ba2d2f6ede148af0"
  integrity sha512-kZxIy2CxrW9aPp2Bpy+2XOWXu8I2zp6a2W/ph9s/cv3hBmV+Lg43ucGBgC9/AeGUfErOEH+HyfrAMGpwruOFew==
  dependencies:
    classnames "^2.3.2"
    lodash "^4.17.21"
    prop-types "^15.7.2"

classnames@^2.3.2:
  version "2.3.2"
  resolved "https://registry.yarnpkg.com/classnames/-/classnames-2.3.2.tgz#351d813bf0137fcc6a76a16b88208d2560a0d924"
  integrity sha512-CSbhY4cFEJRe6/GQzIk5qXZ4Jeg5pcsP7b5peFSDpffpe1cqjASH/n9UTjBwOp6XpMSTwQ8Za2K5V02ueA7Tmw==

"js-tokens@^3.0.0 || ^4.0.0":
  version "4.0.0"
  resolved "https://registry.yarnpkg.com/js-tokens/-/js-tokens-4.0.0.tgz#19203fb59991df98e3a287050d4647cdeaf32499"
  integrity sha512-RdJUflcE3cUzKiMqQgsCu06FPu9UdIJO0beYbPhHN4k6apgJtifcoCtT9bcxOpYBtpD2kCM6Sbzg4CausW/PKQ==

lodash@^4.17.21:
  version "4.17.21"
  resolved "https://registry.yarnpkg.com/lodash/-/lodash-4.17.21.tgz#679591c564c3bffaae8454cf0b3df370c3d6911c"
  integrity sha512-v2kDEe57lecTulaDIuNTPy3Ry4gLGJ6Z1O3vE1krgXZNrsQ+LFTGHVxVjcXPs17LhbZVGedAJv8XZ1tvj5FvSg==

loose-envify@^1.1.0, loose-envify@^1.4.0:
  version "1.4.0"
  resolved "https://registry.yarnpkg.com/loose-envify/-/loose-envify-1.4.0.tgz#71ee51fa7be4caec1a63839f7e682d8132d30caf"
  integrity sha512-lyuxPGr/Wfhrlem2CL/UcnUc1zcqKAImBDzukY7Y5F/yQiNdko6+fRLevlw1HgMySw7f611UIY408EtxRSoK3Q==
  dependencies:
    js-tokens "^3.0.0 || ^4.0.0"

object-assign@^4.1.1:
  version "4.1.1"
  resolved "https://registry.yarnpkg.com/object-assign/-/object-assign-4.1.1.tgz#2109adc7965887cfc05cbbd442cac8bfbb360863"
  integrity sha1-IQmtx5ZYh8/AXLvUQsrIv7s2CGM=

prop-types@^15.6.2, prop-types@^15.7.2:
  version "15.7.2"
  resolved "https://registry.yarnpkg.com/prop-types/-/prop-types-15.7.2.tgz#52c41e75b8c87e72b9d9360e0206b99dcbffa6c5"
  integrity sha512-8QQikdH7//R2vurIJSutZ1smHYTcLpRWEOlHnzcWHmBYrOGUysKwSsrC89BCiFj3CbrfJ/nXFdJepOVrY1GCHQ==
  dependencies:
    loose-envify "^1.4.0"
    object-assign "^4.1.1"
    react-is "^16.8.1"

react-dom@^16.13.1:
  version "16.14.0"
  resolved "https://registry.yarnpkg.com/react-dom/-/react-dom-16.14.0.tgz#7ad838ec29a777fb3c75c3a190f661cf92ab8b89"
  integrity sha512-1gCeQXDLoIqMgqD3IO2Ah9bnf0w9kzhwN5q4FGnHZ67hBm9yePzB5JJAIQCc8x3pFnNlwFq4RidZggNAAkzWWw==
  dependencies:
    loose-envify "^1.1.0"
    object-assign "^4.1.1"
    prop-types "^15.6.2"
    scheduler "^0.19.1"

react-is@^16.8.1:
  version "16.13.1"
  resolved "https://registry.yarnpkg.com/react-is/-/react-is-16.13.1.tgz#789729a4dc36de2999dc156dd6c1d9c18cea56a4"
  integrity sha512-24e6ynE2H+OKt4kqsOvNd8kBpV65zoxbA4BVsEOB3ARVWQki/DHzaUoC5KuON/BiccDaCCTZBuOcfZs70kR8bQ==

react@^16.13.1:
  version "16.14.0"
  resolved "https://registry.yarnpkg.com/react/-/react-16.14.0.tgz#94d776ddd0aaa37da3eda8fc5b6b18a4c9a3114d"
  integrity sha512-0X2CImDkJGApiAlcf0ODKIneSwBPhqJawOa5wCtKbu7ZECrmS26NvtSILynQ66cgkT/RJ4LidJOc3bUESwmU8g==
  dependencies:
    loose-envify "^1.1.0"
    object-assign "^4.1.1"
    prop-types "^15.6.2"

scheduler@^0.19.1:
  version "0.19.1"
  resolved "https://registry.yarnpkg.com/scheduler/-/scheduler-0.19.1.tgz#4f3e2ed2c1a7d65681f4c854fa8c5a1ccb40f196"
  integrity sha512-n/zwRWRYSUj0/3g/otKDRPMh6qv2SYMWNq85IEa8iZyAv8od9zDYpGSnpBEjNgcMNq6Scbu5KfIPxNF72R/2EA==
  dependencies:
    loose-envify "^1.1.0"
    object-assign "^4.1.1"
